<Solution>
  <Project Path="nemetschekdnevnik.client/nemetschekdnevnik.client.esproj">
    <Build />
    <Deploy />
  </Project>
  <Project Path="NemetschekDnevnik.Server.Tests/NemetschekDnevnik.Server.Tests.csproj" />
  <Project Path="NemetschekDnevnik.Server/NemetschekDnevnik.Server.csproj" />
</Solution>
